{
  "name": "FutbolVagos",
  "lockfileVersion": 3,
  "requires": true,
  "packages": {
    "": {
      "dependencies": {
        "keycloak-js": "^26.2.0"
      },
      "devDependencies": {
        "@types/keycloak-js": "^2.5.4"
      }
    },
    "node_modules/@types/keycloak-js": {
      "version": "2.5.4",
      "resolved": "https://registry.npmjs.org/@types/keycloak-js/-/keycloak-js-2.5.4.tgz",
      "integrity": "sha512-fJkr8ApHGTyYemFJMS2f4ROH2atCqG9d4xsvWleCBcm6rbE952HNGnqFFHuvN2FFsqOjKriiWSO9h12wohVGmQ==",
      "dev": true,
      "license": "MIT"
    },
    "node_modules/keycloak-js": {
      "version": "26.2.0",
      "resolved": "https://registry.npmjs.org/keycloak-js/-/keycloak-js-26.2.0.tgz",
      "integrity": "sha512-CrFcXTN+d6J0V/1v3Zpioys6qHNWE6yUzVVIsCUAmFn9H14GZ0vuYod+lt+SSpMgWGPuneDZBSGBAeLBFuqjsw==",
      "license": "Apache-2.0"
    }
  }
}
